
Microsoft Visual Studio Solution File, Format Version 12.00
# Visual Studio Version 16
VisualStudioVersion = 16.0.30907.101
MinimumVisualStudioVersion = 10.0.40219.1
Project("{FAE04EC0-301F-11D3-BF4B-00C04F79EFBC}") = "A1_LeeStephens_38287", "A1_LeeStephens_38287\A1_LeeStephens_38287.csproj", "{CB4E23F3-F4A3-4EFE-9F6B-25C475B08C5A}"
EndProject
Global
	GlobalSection(SolutionConfigurationPlatforms) = preSolution
		Debug|Any CPU = Debug|Any CPU
		Release|Any CPU = Release|Any CPU
	EndGlobalSection
	GlobalSection(ProjectConfigurationPlatforms) = postSolution
		{CB4E23F3-F4A3-4EFE-9F6B-25C475B08C5A}.Debug|Any CPU.ActiveCfg = Debug|Any CPU
		{CB4E23F3-F4A3-4EFE-9F6B-25C475B08C5A}.Debug|Any CPU.Build.0 = Debug|Any CPU
		{CB4E23F3-F4A3-4EFE-9F6B-25C475B08C5A}.Release|Any CPU.ActiveCfg = Release|Any CPU
		{CB4E23F3-F4A3-4EFE-9F6B-25C475B08C5A}.Release|Any CPU.Build.0 = Release|Any CPU
	EndGlobalSection
	GlobalSection(SolutionProperties) = preSolution
		HideSolutionNode = FALSE
	EndGlobalSection
	GlobalSection(ExtensibilityGlobals) = postSolution
		SolutionGuid = {D6692DEE-0A66-4AEF-A21A-1AD600D639E1}
	EndGlobalSection
EndGlobal
